
Microsoft Visual Studio Solution File, Format Version 12.00
# Visual Studio 15
VisualStudioVersion = 15.0.26124.0
MinimumVisualStudioVersion = 15.0.26124.0
Project("{FAE04EC0-301F-11D3-BF4B-00C04F79EFBC}") = "src", "src\src.csproj", "{2D4B4E43-E2E5-4653-9FF2-39C49AA0B4C5}"
EndProject
Project("{FAE04EC0-301F-11D3-BF4B-00C04F79EFBC}") = "tests", "tests\tests.csproj", "{F124B955-4B50-4119-BC4D-7668212FF4BD}"
EndProject
Global
	GlobalSection(SolutionConfigurationPlatforms) = preSolution
		Debug|Any CPU = Debug|Any CPU
		Debug|x64 = Debug|x64
		Debug|x86 = Debug|x86
		Release|Any CPU = Release|Any CPU
		Release|x64 = Release|x64
		Release|x86 = Release|x86
	EndGlobalSection
	GlobalSection(SolutionProperties) = preSolution
		HideSolutionNode = FALSE
	EndGlobalSection
	GlobalSection(ProjectConfigurationPlatforms) = postSolution
		{2D4B4E43-E2E5-4653-9FF2-39C49AA0B4C5}.Debug|Any CPU.ActiveCfg = Debug|Any CPU
		{2D4B4E43-E2E5-4653-9FF2-39C49AA0B4C5}.Debug|Any CPU.Build.0 = Debug|Any CPU
		{2D4B4E43-E2E5-4653-9FF2-39C49AA0B4C5}.Debug|x64.ActiveCfg = Debug|Any CPU
		{2D4B4E43-E2E5-4653-9FF2-39C49AA0B4C5}.Debug|x64.Build.0 = Debug|Any CPU
		{2D4B4E43-E2E5-4653-9FF2-39C49AA0B4C5}.Debug|x86.ActiveCfg = Debug|Any CPU
		{2D4B4E43-E2E5-4653-9FF2-39C49AA0B4C5}.Debug|x86.Build.0 = Debug|Any CPU
		{2D4B4E43-E2E5-4653-9FF2-39C49AA0B4C5}.Release|Any CPU.ActiveCfg = Release|Any CPU
		{2D4B4E43-E2E5-4653-9FF2-39C49AA0B4C5}.Release|Any CPU.Build.0 = Release|Any CPU
		{2D4B4E43-E2E5-4653-9FF2-39C49AA0B4C5}.Release|x64.ActiveCfg = Release|Any CPU
		{2D4B4E43-E2E5-4653-9FF2-39C49AA0B4C5}.Release|x64.Build.0 = Release|Any CPU
		{2D4B4E43-E2E5-4653-9FF2-39C49AA0B4C5}.Release|x86.ActiveCfg = Release|Any CPU
		{2D4B4E43-E2E5-4653-9FF2-39C49AA0B4C5}.Release|x86.Build.0 = Release|Any CPU
		{F124B955-4B50-4119-BC4D-7668212FF4BD}.Debug|Any CPU.ActiveCfg = Debug|Any CPU
		{F124B955-4B50-4119-BC4D-7668212FF4BD}.Debug|Any CPU.Build.0 = Debug|Any CPU
		{F124B955-4B50-4119-BC4D-7668212FF4BD}.Debug|x64.ActiveCfg = Debug|Any CPU
		{F124B955-4B50-4119-BC4D-7668212FF4BD}.Debug|x64.Build.0 = Debug|Any CPU
		{F124B955-4B50-4119-BC4D-7668212FF4BD}.Debug|x86.ActiveCfg = Debug|Any CPU
		{F124B955-4B50-4119-BC4D-7668212FF4BD}.Debug|x86.Build.0 = Debug|Any CPU
		{F124B955-4B50-4119-BC4D-7668212FF4BD}.Release|Any CPU.ActiveCfg = Release|Any CPU
		{F124B955-4B50-4119-BC4D-7668212FF4BD}.Release|Any CPU.Build.0 = Release|Any CPU
		{F124B955-4B50-4119-BC4D-7668212FF4BD}.Release|x64.ActiveCfg = Release|Any CPU
		{F124B955-4B50-4119-BC4D-7668212FF4BD}.Release|x64.Build.0 = Release|Any CPU
		{F124B955-4B50-4119-BC4D-7668212FF4BD}.Release|x86.ActiveCfg = Release|Any CPU
		{F124B955-4B50-4119-BC4D-7668212FF4BD}.Release|x86.Build.0 = Release|Any CPU
	EndGlobalSection
EndGlobal
